
Microsoft Visual Studio Solution File, Format Version 12.00
# Visual Studio 14
VisualStudioVersion = 14.0.23107.0
MinimumVisualStudioVersion = 10.0.40219.1
Project("{FAE04EC0-301F-11D3-BF4B-00C04F79EFBC}") = "WebCode", "WebCode\WebCode.csproj", "{469B8D19-3396-468D-91B8-7DFF162912ED}"
EndProject
Project("{FAE04EC0-301F-11D3-BF4B-00C04F79EFBC}") = "WebCode.Models", "WebCode.Models\WebCode.Models.csproj", "{0EF9B10A-07D0-4849-9C13-CA13BE9956A4}"
EndProject
Project("{FAE04EC0-301F-11D3-BF4B-00C04F79EFBC}") = "WebCodeTools", "WebCodeTools\WebCodeTools.csproj", "{D382BA68-0F40-4EA5-B22B-C704755F0016}"
EndProject
Global
	GlobalSection(SolutionConfigurationPlatforms) = preSolution
		Debug|Any CPU = Debug|Any CPU
		Release|Any CPU = Release|Any CPU
	EndGlobalSection
	GlobalSection(ProjectConfigurationPlatforms) = postSolution
		{469B8D19-3396-468D-91B8-7DFF162912ED}.Debug|Any CPU.ActiveCfg = Debug|Any CPU
		{469B8D19-3396-468D-91B8-7DFF162912ED}.Debug|Any CPU.Build.0 = Debug|Any CPU
		{469B8D19-3396-468D-91B8-7DFF162912ED}.Release|Any CPU.ActiveCfg = Release|Any CPU
		{469B8D19-3396-468D-91B8-7DFF162912ED}.Release|Any CPU.Build.0 = Release|Any CPU
		{0EF9B10A-07D0-4849-9C13-CA13BE9956A4}.Debug|Any CPU.ActiveCfg = Debug|Any CPU
		{0EF9B10A-07D0-4849-9C13-CA13BE9956A4}.Debug|Any CPU.Build.0 = Debug|Any CPU
		{0EF9B10A-07D0-4849-9C13-CA13BE9956A4}.Release|Any CPU.ActiveCfg = Release|Any CPU
		{0EF9B10A-07D0-4849-9C13-CA13BE9956A4}.Release|Any CPU.Build.0 = Release|Any CPU
		{D382BA68-0F40-4EA5-B22B-C704755F0016}.Debug|Any CPU.ActiveCfg = Debug|Any CPU
		{D382BA68-0F40-4EA5-B22B-C704755F0016}.Debug|Any CPU.Build.0 = Debug|Any CPU
		{D382BA68-0F40-4EA5-B22B-C704755F0016}.Release|Any CPU.ActiveCfg = Release|Any CPU
		{D382BA68-0F40-4EA5-B22B-C704755F0016}.Release|Any CPU.Build.0 = Release|Any CPU
	EndGlobalSection
	GlobalSection(SolutionProperties) = preSolution
		HideSolutionNode = FALSE
	EndGlobalSection
EndGlobal
